
Microsoft Visual Studio Solution File, Format Version 12.00
# Visual Studio 14
VisualStudioVersion = 14.0.25420.1
MinimumVisualStudioVersion = 10.0.40219.1
Project("{FAE04EC0-301F-11D3-BF4B-00C04F79EFBC}") = "AERP.Web.UI", "AnandERP\AERP.Web.UI\AERP.Web.UI.csproj", "{1F6F25A1-A38C-4797-B819-E8B42C17BE6A}"
EndProject
Project("{2150E333-8FDC-42A3-9474-1A3956D46DE8}") = "AnandERP", "AnandERP", "{ADA8A2CA-1695-4580-A074-D209ED5E9B33}"
EndProject
Project("{2150E333-8FDC-42A3-9474-1A3956D46DE8}") = "Infrastructure", "Infrastructure", "{95E5DF2E-7A8E-4232-9F78-62573AD2D888}"
EndProject
Project("{FAE04EC0-301F-11D3-BF4B-00C04F79EFBC}") = "AERP.Base.DTO", "Infrastructure\AERP.Base.DTO\AERP.Base.DTO.csproj", "{CFCF47CC-DE41-4F48-805C-9420B3716D1E}"
EndProject
Project("{FAE04EC0-301F-11D3-BF4B-00C04F79EFBC}") = "AERP.ExceptionManager", "Infrastructure\AERP.ExceptionManager\AERP.ExceptionManager.csproj", "{C93D4857-BBBC-4839-ADC3-57212444EBAE}"
EndProject
Project("{FAE04EC0-301F-11D3-BF4B-00C04F79EFBC}") = "AERP.Infrastructure", "Infrastructure\AERP.Infrastructure\AERP.Infrastructure.csproj", "{0ED1C20A-4330-4566-8FD3-24FE3C4B89C3}"
EndProject
Project("{FAE04EC0-301F-11D3-BF4B-00C04F79EFBC}") = "AERP.Common", "AnandERP\AERP.Common\AERP.Common.csproj", "{C585A626-F8F4-4BA4-9B4C-497C52BB4E79}"
EndProject
Project("{FAE04EC0-301F-11D3-BF4B-00C04F79EFBC}") = "AERP.ViewModel", "AnandERP\AERP.ViewModel\AERP.ViewModel.csproj", "{FD66C34D-15F1-4B1E-B387-9DC58774E7ED}"
EndProject
Project("{FAE04EC0-301F-11D3-BF4B-00C04F79EFBC}") = "AERP.DTO", "AnandERP\AERP.DTO\AERP.DTO.csproj", "{3B3C07E6-93AF-48D2-8922-AB1969EE052A}"
EndProject
Project("{FAE04EC0-301F-11D3-BF4B-00C04F79EFBC}") = "AERP.DataProvider", "AnandERP\AERP.DataProvider\AERP.DataProvider.csproj", "{CC100E82-704A-4E52-BA07-13EF33A23FDC}"
EndProject
Project("{FAE04EC0-301F-11D3-BF4B-00C04F79EFBC}") = "AERP.Business", "AnandERP\AERP.Business\AERP.Business.csproj", "{A83756E3-9FF0-420E-9FAD-E936B5507C3C}"
EndProject
Global
	GlobalSection(SolutionConfigurationPlatforms) = preSolution
		Debug|Any CPU = Debug|Any CPU
		Release|Any CPU = Release|Any CPU
	EndGlobalSection
	GlobalSection(ProjectConfigurationPlatforms) = postSolution
		{1F6F25A1-A38C-4797-B819-E8B42C17BE6A}.Debug|Any CPU.ActiveCfg = Debug|Any CPU
		{1F6F25A1-A38C-4797-B819-E8B42C17BE6A}.Debug|Any CPU.Build.0 = Debug|Any CPU
		{1F6F25A1-A38C-4797-B819-E8B42C17BE6A}.Release|Any CPU.ActiveCfg = Release|Any CPU
		{1F6F25A1-A38C-4797-B819-E8B42C17BE6A}.Release|Any CPU.Build.0 = Release|Any CPU
		{CFCF47CC-DE41-4F48-805C-9420B3716D1E}.Debug|Any CPU.ActiveCfg = Debug|Any CPU
		{CFCF47CC-DE41-4F48-805C-9420B3716D1E}.Debug|Any CPU.Build.0 = Debug|Any CPU
		{CFCF47CC-DE41-4F48-805C-9420B3716D1E}.Release|Any CPU.ActiveCfg = Release|Any CPU
		{CFCF47CC-DE41-4F48-805C-9420B3716D1E}.Release|Any CPU.Build.0 = Release|Any CPU
		{C93D4857-BBBC-4839-ADC3-57212444EBAE}.Debug|Any CPU.ActiveCfg = Debug|Any CPU
		{C93D4857-BBBC-4839-ADC3-57212444EBAE}.Debug|Any CPU.Build.0 = Debug|Any CPU
		{C93D4857-BBBC-4839-ADC3-57212444EBAE}.Release|Any CPU.ActiveCfg = Release|Any CPU
		{C93D4857-BBBC-4839-ADC3-57212444EBAE}.Release|Any CPU.Build.0 = Release|Any CPU
		{0ED1C20A-4330-4566-8FD3-24FE3C4B89C3}.Debug|Any CPU.ActiveCfg = Debug|Any CPU
		{0ED1C20A-4330-4566-8FD3-24FE3C4B89C3}.Debug|Any CPU.Build.0 = Debug|Any CPU
		{0ED1C20A-4330-4566-8FD3-24FE3C4B89C3}.Release|Any CPU.ActiveCfg = Release|Any CPU
		{0ED1C20A-4330-4566-8FD3-24FE3C4B89C3}.Release|Any CPU.Build.0 = Release|Any CPU
		{C585A626-F8F4-4BA4-9B4C-497C52BB4E79}.Debug|Any CPU.ActiveCfg = Debug|Any CPU
		{C585A626-F8F4-4BA4-9B4C-497C52BB4E79}.Debug|Any CPU.Build.0 = Debug|Any CPU
		{C585A626-F8F4-4BA4-9B4C-497C52BB4E79}.Release|Any CPU.ActiveCfg = Release|Any CPU
		{C585A626-F8F4-4BA4-9B4C-497C52BB4E79}.Release|Any CPU.Build.0 = Release|Any CPU
		{FD66C34D-15F1-4B1E-B387-9DC58774E7ED}.Debug|Any CPU.ActiveCfg = Debug|Any CPU
		{FD66C34D-15F1-4B1E-B387-9DC58774E7ED}.Debug|Any CPU.Build.0 = Debug|Any CPU
		{FD66C34D-15F1-4B1E-B387-9DC58774E7ED}.Release|Any CPU.ActiveCfg = Release|Any CPU
		{FD66C34D-15F1-4B1E-B387-9DC58774E7ED}.Release|Any CPU.Build.0 = Release|Any CPU
		{3B3C07E6-93AF-48D2-8922-AB1969EE052A}.Debug|Any CPU.ActiveCfg = Debug|Any CPU
		{3B3C07E6-93AF-48D2-8922-AB1969EE052A}.Debug|Any CPU.Build.0 = Debug|Any CPU
		{3B3C07E6-93AF-48D2-8922-AB1969EE052A}.Release|Any CPU.ActiveCfg = Release|Any CPU
		{3B3C07E6-93AF-48D2-8922-AB1969EE052A}.Release|Any CPU.Build.0 = Release|Any CPU
		{CC100E82-704A-4E52-BA07-13EF33A23FDC}.Debug|Any CPU.ActiveCfg = Debug|Any CPU
		{CC100E82-704A-4E52-BA07-13EF33A23FDC}.Debug|Any CPU.Build.0 = Debug|Any CPU
		{CC100E82-704A-4E52-BA07-13EF33A23FDC}.Release|Any CPU.ActiveCfg = Release|Any CPU
		{CC100E82-704A-4E52-BA07-13EF33A23FDC}.Release|Any CPU.Build.0 = Release|Any CPU
		{A83756E3-9FF0-420E-9FAD-E936B5507C3C}.Debug|Any CPU.ActiveCfg = Debug|Any CPU
		{A83756E3-9FF0-420E-9FAD-E936B5507C3C}.Debug|Any CPU.Build.0 = Debug|Any CPU
		{A83756E3-9FF0-420E-9FAD-E936B5507C3C}.Release|Any CPU.ActiveCfg = Release|Any CPU
		{A83756E3-9FF0-420E-9FAD-E936B5507C3C}.Release|Any CPU.Build.0 = Release|Any CPU
	EndGlobalSection
	GlobalSection(SolutionProperties) = preSolution
		HideSolutionNode = FALSE
	EndGlobalSection
	GlobalSection(NestedProjects) = preSolution
		{1F6F25A1-A38C-4797-B819-E8B42C17BE6A} = {ADA8A2CA-1695-4580-A074-D209ED5E9B33}
		{CFCF47CC-DE41-4F48-805C-9420B3716D1E} = {95E5DF2E-7A8E-4232-9F78-62573AD2D888}
		{C93D4857-BBBC-4839-ADC3-57212444EBAE} = {95E5DF2E-7A8E-4232-9F78-62573AD2D888}
		{0ED1C20A-4330-4566-8FD3-24FE3C4B89C3} = {95E5DF2E-7A8E-4232-9F78-62573AD2D888}
		{C585A626-F8F4-4BA4-9B4C-497C52BB4E79} = {ADA8A2CA-1695-4580-A074-D209ED5E9B33}
		{FD66C34D-15F1-4B1E-B387-9DC58774E7ED} = {ADA8A2CA-1695-4580-A074-D209ED5E9B33}
		{3B3C07E6-93AF-48D2-8922-AB1969EE052A} = {ADA8A2CA-1695-4580-A074-D209ED5E9B33}
		{CC100E82-704A-4E52-BA07-13EF33A23FDC} = {ADA8A2CA-1695-4580-A074-D209ED5E9B33}
		{A83756E3-9FF0-420E-9FAD-E936B5507C3C} = {ADA8A2CA-1695-4580-A074-D209ED5E9B33}
	EndGlobalSection
EndGlobal
